
Microsoft Visual Studio Solution File, Format Version 12.00
# Visual Studio Version 17
VisualStudioVersion = 17.6.33815.320
MinimumVisualStudioVersion = 10.0.40219.1
Project("{8BC9CEB8-8B4A-11D0-8D11-00A0C91BC942}") = "try_using_c++with_github", "try_using_c++with_github.vcxproj", "{E39991C2-9D82-4BE7-BF1C-D627379EEC94}"
EndProject
Global
	GlobalSection(SolutionConfigurationPlatforms) = preSolution
		Debug|x64 = Debug|x64
		Debug|x86 = Debug|x86
		Release|x64 = Release|x64
		Release|x86 = Release|x86
	EndGlobalSection
	GlobalSection(ProjectConfigurationPlatforms) = postSolution
		{E39991C2-9D82-4BE7-BF1C-D627379EEC94}.Debug|x64.ActiveCfg = Debug|x64
		{E39991C2-9D82-4BE7-BF1C-D627379EEC94}.Debug|x64.Build.0 = Debug|x64
		{E39991C2-9D82-4BE7-BF1C-D627379EEC94}.Debug|x86.ActiveCfg = Debug|Win32
		{E39991C2-9D82-4BE7-BF1C-D627379EEC94}.Debug|x86.Build.0 = Debug|Win32
		{E39991C2-9D82-4BE7-BF1C-D627379EEC94}.Release|x64.ActiveCfg = Release|x64
		{E39991C2-9D82-4BE7-BF1C-D627379EEC94}.Release|x64.Build.0 = Release|x64
		{E39991C2-9D82-4BE7-BF1C-D627379EEC94}.Release|x86.ActiveCfg = Release|Win32
		{E39991C2-9D82-4BE7-BF1C-D627379EEC94}.Release|x86.Build.0 = Release|Win32
	EndGlobalSection
	GlobalSection(SolutionProperties) = preSolution
		HideSolutionNode = FALSE
	EndGlobalSection
	GlobalSection(ExtensibilityGlobals) = postSolution
		SolutionGuid = {D0147455-62A4-4750-91D6-9268B2C2CD47}
	EndGlobalSection
EndGlobal
